<?xml version="1.0" encoding="utf-8"?>
<Project ToolsVersion="16.0" xmlns="http://schemas.microsoft.com/developer/msbuild/2003">
  <ItemGroup>
    <ClCompile Include="C:\WaterSurface-master\WaterSurface-master\src\main.cpp">
      <Filter>Source Files</Filter>
    </ClCompile>
    <ClCompile Include="C:\WaterSurface-master\WaterSurface-master\src\CallBacks.cpp">
      <Filter>Source Files</Filter>
    </ClCompile>
    <ClCompile Include="C:\WaterSurface-master\WaterSurface-master\src\ControlPoint.cpp">
      <Filter>Source Files</Filter>
    </ClCompile>
    <ClCompile Include="C:\WaterSurface-master\WaterSurface-master\src\Track.cpp">
      <Filter>Source Files</Filter>
    </ClCompile>
    <ClCompile Include="C:\WaterSurface-master\WaterSurface-master\src\TrainView.cpp">
      <Filter>Source Files</Filter>
    </ClCompile>
    <ClCompile Include="C:\WaterSurface-master\WaterSurface-master\src\TrainWindow.cpp">
      <Filter>Source Files</Filter>
    </ClCompile>
    <ClCompile Include="C:\WaterSurface-master\WaterSurface-master\include\glad4.6\src\glad.c">
      <Filter>Source Files</Filter>
    </ClCompile>
    <ClCompile Include="src\Mesh.cpp">
      <Filter>Source Files</Filter>
    </ClCompile>
    <ClCompile Include="src\Model.cpp">
      <Filter>Source Files</Filter>
    </ClCompile>
    <ClCompile Include="AniModel.cpp">
      <Filter>Source Files</Filter>
    </ClCompile>
    <ClCompile Include="particle.cpp">
      <Filter>Source Files</Filter>
    </ClCompile>
  </ItemGroup>
  <ItemGroup>
    <ClInclude Include="C:\WaterSurface-master\WaterSurface-master\src\RenderUtilities\BufferObject.h">
      <Filter>RenderUtilities</Filter>
    </ClInclude>
    <ClInclude Include="C:\WaterSurface-master\WaterSurface-master\src\RenderUtilities\Shader.h">
      <Filter>RenderUtilities</Filter>
    </ClInclude>
    <ClInclude Include="C:\WaterSurface-master\WaterSurface-master\src\RenderUtilities\Texture.h">
      <Filter>RenderUtilities</Filter>
    </ClInclude>
    <ClInclude Include="src\Mesh.h" />
    <ClInclude Include="src\Model.h" />
    <ClInclude Include="AniModel.h" />
    <ClInclude Include="particle.h" />
    <ClInclude Include="ParticleSystem.h" />
  </ItemGroup>
  <ItemGroup>
    <CustomBuild Include="C:\WaterSurface-master\WaterSurface-master\CMakeLists.txt" />
  </ItemGroup>
  <ItemGroup>
    <None Include="C:\WaterSurface-master\WaterSurface-master\src\CallBacks.H" />
    <None Include="C:\WaterSurface-master\WaterSurface-master\src\ControlPoint.H" />
    <None Include="C:\WaterSurface-master\WaterSurface-master\src\Object.H" />
    <None Include="C:\WaterSurface-master\WaterSurface-master\src\Track.H" />
    <None Include="C:\WaterSurface-master\WaterSurface-master\src\TrainView.H" />
    <None Include="C:\WaterSurface-master\WaterSurface-master\src\TrainWindow.H" />
    <None Include="C:\WaterSurface-master\WaterSurface-master\src\shaders\simple.vert">
      <Filter>shaders</Filter>
    </None>
    <None Include="C:\WaterSurface-master\WaterSurface-master\src\shaders\simple.frag">
      <Filter>shaders</Filter>
    </None>
  </ItemGroup>
  <ItemGroup>
    <Filter Include="RenderUtilities">
      <UniqueIdentifier>{00075C61-F061-3DBC-8D3F-46EFA5A048AC}</UniqueIdentifier>
    </Filter>
    <Filter Include="Source Files">
      <UniqueIdentifier>{8037CBBB-5520-32EC-9E92-44A91914E021}</UniqueIdentifier>
    </Filter>
    <Filter Include="shaders">
      <UniqueIdentifier>{6EB6B857-2DF6-37AF-BCB0-DD3AC689E2E2}</UniqueIdentifier>
    </Filter>
  </ItemGroup>
</Project>